
Microsoft Visual Studio Solution File, Format Version 12.00
# Visual Studio Version 17
VisualStudioVersion = 17.8.34330.188
MinimumVisualStudioVersion = 10.0.40219.1
Project("{8BC9CEB8-8B4A-11D0-8D11-00A0C91BC942}") = "Binnary heap", "Binnary heap\Binnary heap.vcxproj", "{FE8AF69C-49B9-4610-A8C4-911A69B5C31A}"
EndProject
Global
	GlobalSection(SolutionConfigurationPlatforms) = preSolution
		Debug|x64 = Debug|x64
		Debug|x86 = Debug|x86
		Release|x64 = Release|x64
		Release|x86 = Release|x86
	EndGlobalSection
	GlobalSection(ProjectConfigurationPlatforms) = postSolution
		{FE8AF69C-49B9-4610-A8C4-911A69B5C31A}.Debug|x64.ActiveCfg = Debug|x64
		{FE8AF69C-49B9-4610-A8C4-911A69B5C31A}.Debug|x64.Build.0 = Debug|x64
		{FE8AF69C-49B9-4610-A8C4-911A69B5C31A}.Debug|x86.ActiveCfg = Debug|Win32
		{FE8AF69C-49B9-4610-A8C4-911A69B5C31A}.Debug|x86.Build.0 = Debug|Win32
		{FE8AF69C-49B9-4610-A8C4-911A69B5C31A}.Release|x64.ActiveCfg = Release|x64
		{FE8AF69C-49B9-4610-A8C4-911A69B5C31A}.Release|x64.Build.0 = Release|x64
		{FE8AF69C-49B9-4610-A8C4-911A69B5C31A}.Release|x86.ActiveCfg = Release|Win32
		{FE8AF69C-49B9-4610-A8C4-911A69B5C31A}.Release|x86.Build.0 = Release|Win32
	EndGlobalSection
	GlobalSection(SolutionProperties) = preSolution
		HideSolutionNode = FALSE
	EndGlobalSection
	GlobalSection(ExtensibilityGlobals) = postSolution
		SolutionGuid = {73EE4C2E-B213-4AD2-9EAD-F23ABFA59C02}
	EndGlobalSection
EndGlobal
